// !$*UTF8*$!
{
	archiveVersion = 1;
	classes = {
	};
	objectVersion = 46;
	objects = {

/* Begin PBXBuildFile section */
		2E7E1F691E3C7EF8009F928F /* AppDelegate.swift in Sources */ = {isa = PBXBuildFile; fileRef = 2E7E1F681E3C7EF8009F928F /* AppDelegate.swift */; };
		2E7E1F6E1E3C7EF8009F928F /* Main.storyboard in Resources */ = {isa = PBXBuildFile; fileRef = 2E7E1F6C1E3C7EF8009F928F /* Main.storyboard */; };
		2E7E1F701E3C7EF8009F928F /* Assets.xcassets in Resources */ = {isa = PBXBuildFile; fileRef = 2E7E1F6F1E3C7EF8009F928F /* Assets.xcassets */; };
		2E7E1F731E3C7EF8009F928F /* LaunchScreen.storyboard in Resources */ = {isa = PBXBuildFile; fileRef = 2E7E1F711E3C7EF8009F928F /* LaunchScreen.storyboard */; };
		2E990F2E1E73FA9D001F4769 /* Localizable.strings in Resources */ = {isa = PBXBuildFile; fileRef = 2E990F301E73FA9D001F4769 /* Localizable.strings */; };
		2E990F351E73FAF9001F4769 /* String.swift in Sources */ = {isa = PBXBuildFile; fileRef = 2E990F341E73FAF9001F4769 /* String.swift */; };
		2E990F381E740D08001F4769 /* EmptyChatlistContainedController.swift in Sources */ = {isa = PBXBuildFile; fileRef = 2E990F371E740D08001F4769 /* EmptyChatlistContainedController.swift */; };
		2E990F3A1E742545001F4769 /* MapViewController.swift in Sources */ = {isa = PBXBuildFile; fileRef = 2E990F391E742545001F4769 /* MapViewController.swift */; };
		2E990F3C1E74256B001F4769 /* RecommonListViewController.swift in Sources */ = {isa = PBXBuildFile; fileRef = 2E990F3B1E74256B001F4769 /* RecommonListViewController.swift */; };
		2EC6EAB81E67BB1B00AB2F20 /* MainTabbarViewController.swift in Sources */ = {isa = PBXBuildFile; fileRef = 2EC6EAB71E67BB1B00AB2F20 /* MainTabbarViewController.swift */; };
		2EC6EABA1E67BD4500AB2F20 /* ChatlistViewController.swift in Sources */ = {isa = PBXBuildFile; fileRef = 2EC6EAB91E67BD4500AB2F20 /* ChatlistViewController.swift */; };
		2EC6EABC1E67BE9700AB2F20 /* RecommoViewController.swift in Sources */ = {isa = PBXBuildFile; fileRef = 2EC6EABB1E67BE9700AB2F20 /* RecommoViewController.swift */; };
		2EC6EABE1E67BF2200AB2F20 /* SettingTableViewController.swift in Sources */ = {isa = PBXBuildFile; fileRef = 2EC6EABD1E67BF2200AB2F20 /* SettingTableViewController.swift */; };
		2EC6EAC01E67C49300AB2F20 /* LognSignViewController.swift in Sources */ = {isa = PBXBuildFile; fileRef = 2EC6EABF1E67C49300AB2F20 /* LognSignViewController.swift */; };
		2EEF0BB21E67DF8600539627 /* ChatlistNavController.swift in Sources */ = {isa = PBXBuildFile; fileRef = 2EEF0BB11E67DF8600539627 /* ChatlistNavController.swift */; };
		2EEF0BB41E67DFA600539627 /* RecommonNavController.swift in Sources */ = {isa = PBXBuildFile; fileRef = 2EEF0BB31E67DFA600539627 /* RecommonNavController.swift */; };
		2EEF0BB61E67DFBE00539627 /* SettingNavController.swift in Sources */ = {isa = PBXBuildFile; fileRef = 2EEF0BB51E67DFBE00539627 /* SettingNavController.swift */; };
		2EEF0BBA1E6843BA00539627 /* OHHTTPStubs.framework in Frameworks */ = {isa = PBXBuildFile; fileRef = 2EEF0BB91E6843BA00539627 /* OHHTTPStubs.framework */; };
/* End PBXBuildFile section */

/* Begin PBXFileReference section */
		2E7E1F651E3C7EF7009F928F /* HelPal.app */ = {isa = PBXFileReference; explicitFileType = wrapper.application; includeInIndex = 0; path = HelPal.app; sourceTree = BUILT_PRODUCTS_DIR; };
		2E7E1F681E3C7EF8009F928F /* AppDelegate.swift */ = {isa = PBXFileReference; lastKnownFileType = sourcecode.swift; path = AppDelegate.swift; sourceTree = "<group>"; };
		2E7E1F6D1E3C7EF8009F928F /* Base */ = {isa = PBXFileReference; lastKnownFileType = file.storyboard; name = Base; path = Base.lproj/Main.storyboard; sourceTree = "<group>"; };
		2E7E1F6F1E3C7EF8009F928F /* Assets.xcassets */ = {isa = PBXFileReference; lastKnownFileType = folder.assetcatalog; path = Assets.xcassets; sourceTree = "<group>"; };
		2E7E1F721E3C7EF8009F928F /* Base */ = {isa = PBXFileReference; lastKnownFileType = file.storyboard; name = Base; path = Base.lproj/LaunchScreen.storyboard; sourceTree = "<group>"; };
		2E7E1F741E3C7EF8009F928F /* Info.plist */ = {isa = PBXFileReference; lastKnownFileType = text.plist.xml; path = Info.plist; sourceTree = "<group>"; };
		2E990F2B1E73FA6F001F4769 /* zh-Hans */ = {isa = PBXFileReference; lastKnownFileType = text.plist.strings; name = "zh-Hans"; path = "zh-Hans.lproj/LaunchScreen.strings"; sourceTree = "<group>"; };
		2E990F311E73FAA2001F4769 /* en */ = {isa = PBXFileReference; lastKnownFileType = text.plist.strings; name = en; path = en.lproj/Localizable.strings; sourceTree = "<group>"; };
		2E990F321E73FAA3001F4769 /* zh-Hans */ = {isa = PBXFileReference; lastKnownFileType = text.plist.strings; name = "zh-Hans"; path = "zh-Hans.lproj/Localizable.strings"; sourceTree = "<group>"; };
		2E990F341E73FAF9001F4769 /* String.swift */ = {isa = PBXFileReference; fileEncoding = 4; lastKnownFileType = sourcecode.swift; name = String.swift; path = Extensions/String.swift; sourceTree = "<group>"; };
		2E990F371E740D08001F4769 /* EmptyChatlistContainedController.swift */ = {isa = PBXFileReference; fileEncoding = 4; lastKnownFileType = sourcecode.swift; path = EmptyChatlistContainedController.swift; sourceTree = "<group>"; };
		2E990F391E742545001F4769 /* MapViewController.swift */ = {isa = PBXFileReference; fileEncoding = 4; lastKnownFileType = sourcecode.swift; path = MapViewController.swift; sourceTree = "<group>"; };
		2E990F3B1E74256B001F4769 /* RecommonListViewController.swift */ = {isa = PBXFileReference; fileEncoding = 4; lastKnownFileType = sourcecode.swift; path = RecommonListViewController.swift; sourceTree = "<group>"; };
		2EC6EAB71E67BB1B00AB2F20 /* MainTabbarViewController.swift */ = {isa = PBXFileReference; fileEncoding = 4; lastKnownFileType = sourcecode.swift; path = MainTabbarViewController.swift; sourceTree = "<group>"; };
		2EC6EAB91E67BD4500AB2F20 /* ChatlistViewController.swift */ = {isa = PBXFileReference; fileEncoding = 4; lastKnownFileType = sourcecode.swift; path = ChatlistViewController.swift; sourceTree = "<group>"; };
		2EC6EABB1E67BE9700AB2F20 /* RecommoViewController.swift */ = {isa = PBXFileReference; fileEncoding = 4; lastKnownFileType = sourcecode.swift; path = RecommoViewController.swift; sourceTree = "<group>"; };
		2EC6EABD1E67BF2200AB2F20 /* SettingTableViewController.swift */ = {isa = PBXFileReference; fileEncoding = 4; lastKnownFileType = sourcecode.swift; path = SettingTableViewController.swift; sourceTree = "<group>"; };
		2EC6EABF1E67C49300AB2F20 /* LognSignViewController.swift */ = {isa = PBXFileReference; fileEncoding = 4; lastKnownFileType = sourcecode.swift; path = LognSignViewController.swift; sourceTree = "<group>"; };
		2EEF0BB11E67DF8600539627 /* ChatlistNavController.swift */ = {isa = PBXFileReference; fileEncoding = 4; lastKnownFileType = sourcecode.swift; path = ChatlistNavController.swift; sourceTree = "<group>"; };
		2EEF0BB31E67DFA600539627 /* RecommonNavController.swift */ = {isa = PBXFileReference; fileEncoding = 4; lastKnownFileType = sourcecode.swift; path = RecommonNavController.swift; sourceTree = "<group>"; };
		2EEF0BB51E67DFBE00539627 /* SettingNavController.swift */ = {isa = PBXFileReference; fileEncoding = 4; lastKnownFileType = sourcecode.swift; path = SettingNavController.swift; sourceTree = "<group>"; };
		2EEF0BB91E6843BA00539627 /* OHHTTPStubs.framework */ = {isa = PBXFileReference; lastKnownFileType = wrapper.framework; name = OHHTTPStubs.framework; path = Carthage/Build/iOS/OHHTTPStubs.framework; sourceTree = "<group>"; };
/* End PBXFileReference section */

/* Begin PBXFrameworksBuildPhase section */
		2E7E1F621E3C7EF7009F928F /* Frameworks */ = {
			isa = PBXFrameworksBuildPhase;
			buildActionMask = 2147483647;
			files = (
				2EEF0BBA1E6843BA00539627 /* OHHTTPStubs.framework in Frameworks */,
			);
			runOnlyForDeploymentPostprocessing = 0;
		};
/* End PBXFrameworksBuildPhase section */

/* Begin PBXGroup section */
		2E7E1F5C1E3C7EF7009F928F = {
			isa = PBXGroup;
			children = (
				2E7E1F671E3C7EF7009F928F /* HelPal */,
				2E7E1F661E3C7EF7009F928F /* Products */,
				2EEF0BB81E6843BA00539627 /* Frameworks */,
			);
			sourceTree = "<group>";
		};
		2E7E1F661E3C7EF7009F928F /* Products */ = {
			isa = PBXGroup;
			children = (
				2E7E1F651E3C7EF7009F928F /* HelPal.app */,
			);
			name = Products;
			sourceTree = "<group>";
		};
		2E7E1F671E3C7EF7009F928F /* HelPal */ = {
			isa = PBXGroup;
			children = (
				2E990F331E73FAC7001F4769 /* Extensions */,
				2E7E1F681E3C7EF8009F928F /* AppDelegate.swift */,
				2EC6EABF1E67C49300AB2F20 /* LognSignViewController.swift */,
				2EC6EAB71E67BB1B00AB2F20 /* MainTabbarViewController.swift */,
				2EEF0BB11E67DF8600539627 /* ChatlistNavController.swift */,
				2EC6EAB91E67BD4500AB2F20 /* ChatlistViewController.swift */,
				2E990F371E740D08001F4769 /* EmptyChatlistContainedController.swift */,
				2EEF0BB31E67DFA600539627 /* RecommonNavController.swift */,
				2EC6EABB1E67BE9700AB2F20 /* RecommoViewController.swift */,
				2E990F391E742545001F4769 /* MapViewController.swift */,
				2E990F3B1E74256B001F4769 /* RecommonListViewController.swift */,
				2EEF0BB51E67DFBE00539627 /* SettingNavController.swift */,
				2EC6EABD1E67BF2200AB2F20 /* SettingTableViewController.swift */,
				2E990F301E73FA9D001F4769 /* Localizable.strings */,
				2E7E1F6C1E3C7EF8009F928F /* Main.storyboard */,
				2E7E1F711E3C7EF8009F928F /* LaunchScreen.storyboard */,
				2E7E1F6F1E3C7EF8009F928F /* Assets.xcassets */,
				2E7E1F741E3C7EF8009F928F /* Info.plist */,
			);
			path = HelPal;
			sourceTree = "<group>";
		};
		2E990F331E73FAC7001F4769 /* Extensions */ = {
			isa = PBXGroup;
			children = (
				2E990F341E73FAF9001F4769 /* String.swift */,
			);
			name = Extensions;
			sourceTree = "<group>";
		};
		2EEF0BB81E6843BA00539627 /* Frameworks */ = {
			isa = PBXGroup;
			children = (
				2EEF0BB91E6843BA00539627 /* OHHTTPStubs.framework */,
			);
			name = Frameworks;
			sourceTree = "<group>";
		};
/* End PBXGroup section */

/* Begin PBXNativeTarget section */
		2E7E1F641E3C7EF7009F928F /* HelPal */ = {
			isa = PBXNativeTarget;
			buildConfigurationList = 2E7E1F8D1E3C7EF8009F928F /* Build configuration list for PBXNativeTarget "HelPal" */;
			buildPhases = (
				2E7E1F611E3C7EF7009F928F /* Sources */,
				2E7E1F621E3C7EF7009F928F /* Frameworks */,
				2E7E1F631E3C7EF7009F928F /* Resources */,
				2EEF0BBB1E684CFC00539627 /* Run Script */,
			);
			buildRules = (
			);
			dependencies = (
			);
			name = HelPal;
			productName = HelPal;
			productReference = 2E7E1F651E3C7EF7009F928F /* HelPal.app */;
			productType = "com.apple.product-type.application";
		};
/* End PBXNativeTarget section */

/* Begin PBXProject section */
		2E7E1F5D1E3C7EF7009F928F /* Project object */ = {
			isa = PBXProject;
			attributes = {
				LastSwiftUpdateCheck = 0810;
				LastUpgradeCheck = 0820;
				ORGANIZATIONNAME = CodeAsO;
				TargetAttributes = {
					2E7E1F641E3C7EF7009F928F = {
						CreatedOnToolsVersion = 8.1;
						DevelopmentTeam = B3EP3N28T5;
						ProvisioningStyle = Automatic;
					};
				};
			};
			buildConfigurationList = 2E7E1F601E3C7EF7009F928F /* Build configuration list for PBXProject "HelPal" */;
			compatibilityVersion = "Xcode 3.2";
			developmentRegion = English;
			hasScannedForEncodings = 0;
			knownRegions = (
				en,
				Base,
				"zh-Hans",
			);
			mainGroup = 2E7E1F5C1E3C7EF7009F928F;
			productRefGroup = 2E7E1F661E3C7EF7009F928F /* Products */;
			projectDirPath = "";
			projectRoot = "";
			targets = (
				2E7E1F641E3C7EF7009F928F /* HelPal */,
			);
		};
/* End PBXProject section */

/* Begin PBXResourcesBuildPhase section */
		2E7E1F631E3C7EF7009F928F /* Resources */ = {
			isa = PBXResourcesBuildPhase;
			buildActionMask = 2147483647;
			files = (
				2E7E1F731E3C7EF8009F928F /* LaunchScreen.storyboard in Resources */,
				2E990F2E1E73FA9D001F4769 /* Localizable.strings in Resources */,
				2E7E1F701E3C7EF8009F928F /* Assets.xcassets in Resources */,
				2E7E1F6E1E3C7EF8009F928F /* Main.storyboard in Resources */,
			);
			runOnlyForDeploymentPostprocessing = 0;
		};
/* End PBXResourcesBuildPhase section */

/* Begin PBXShellScriptBuildPhase section */
		2EEF0BBB1E684CFC00539627 /* Run Script */ = {
			isa = PBXShellScriptBuildPhase;
			buildActionMask = 2147483647;
			files = (
			);
			inputPaths = (
				"$(SRCROOT)/Carthage/Build/iOS/OHHTTPStubs.framework",
				"$(SRCROOT)/Carthage/Build/iOS/Mapbox.framework",
				"$(SRCROOT)/Carthage/Build/iOS/XCGLogger.framework",
			);
			name = "Run Script";
			outputPaths = (
			);
			runOnlyForDeploymentPostprocessing = 0;
			shellPath = /bin/sh;
			shellScript = "/usr/local/bin/carthage copy-frameworks";
		};
/* End PBXShellScriptBuildPhase section */

/* Begin PBXSourcesBuildPhase section */
		2E7E1F611E3C7EF7009F928F /* Sources */ = {
			isa = PBXSourcesBuildPhase;
			buildActionMask = 2147483647;
			files = (
				2E990F381E740D08001F4769 /* EmptyChatlistContainedController.swift in Sources */,
				2EEF0BB61E67DFBE00539627 /* SettingNavController.swift in Sources */,
				2EC6EABA1E67BD4500AB2F20 /* ChatlistViewController.swift in Sources */,
				2E990F351E73FAF9001F4769 /* String.swift in Sources */,
				2EC6EAB81E67BB1B00AB2F20 /* MainTabbarViewController.swift in Sources */,
				2E7E1F691E3C7EF8009F928F /* AppDelegate.swift in Sources */,
				2EC6EAC01E67C49300AB2F20 /* LognSignViewController.swift in Sources */,
				2E990F3A1E742545001F4769 /* MapViewController.swift in Sources */,
				2EEF0BB21E67DF8600539627 /* ChatlistNavController.swift in Sources */,
				2E990F3C1E74256B001F4769 /* RecommonListViewController.swift in Sources */,
				2EC6EABC1E67BE9700AB2F20 /* RecommoViewController.swift in Sources */,
				2EC6EABE1E67BF2200AB2F20 /* SettingTableViewController.swift in Sources */,
				2EEF0BB41E67DFA600539627 /* RecommonNavController.swift in Sources */,
			);
			runOnlyForDeploymentPostprocessing = 0;
		};
/* End PBXSourcesBuildPhase section */

/* Begin PBXVariantGroup section */
		2E7E1F6C1E3C7EF8009F928F /* Main.storyboard */ = {
			isa = PBXVariantGroup;
			children = (
				2E7E1F6D1E3C7EF8009F928F /* Base */,
			);
			name = Main.storyboard;
			sourceTree = "<group>";
		};
		2E7E1F711E3C7EF8009F928F /* LaunchScreen.storyboard */ = {
			isa = PBXVariantGroup;
			children = (
				2E7E1F721E3C7EF8009F928F /* Base */,
				2E990F2B1E73FA6F001F4769 /* zh-Hans */,
			);
			name = LaunchScreen.storyboard;
			sourceTree = "<group>";
		};
		2E990F301E73FA9D001F4769 /* Localizable.strings */ = {
			isa = PBXVariantGroup;
			children = (
				2E990F311E73FAA2001F4769 /* en */,
				2E990F321E73FAA3001F4769 /* zh-Hans */,
			);
			name = Localizable.strings;
			sourceTree = "<group>";
		};
/* End PBXVariantGroup section */

/* Begin XCBuildConfiguration section */
		2E7E1F8B1E3C7EF8009F928F /* Debug */ = {
			isa = XCBuildConfiguration;
			buildSettings = {
				ALWAYS_SEARCH_USER_PATHS = NO;
				CLANG_ANALYZER_LOCALIZABILITY_NONLOCALIZED = YES;
				CLANG_ANALYZER_NONNULL = YES;
				CLANG_CXX_LANGUAGE_STANDARD = "gnu++0x";
				CLANG_CXX_LIBRARY = "libc++";
				CLANG_ENABLE_MODULES = YES;
				CLANG_ENABLE_OBJC_ARC = YES;
				CLANG_WARN_BOOL_CONVERSION = YES;
				CLANG_WARN_CONSTANT_CONVERSION = YES;
				CLANG_WARN_DIRECT_OBJC_ISA_USAGE = YES_ERROR;
				CLANG_WARN_DOCUMENTATION_COMMENTS = YES;
				CLANG_WARN_EMPTY_BODY = YES;
				CLANG_WARN_ENUM_CONVERSION = YES;
				CLANG_WARN_INFINITE_RECURSION = YES;
				CLANG_WARN_INT_CONVERSION = YES;
				CLANG_WARN_OBJC_ROOT_CLASS = YES_ERROR;
				CLANG_WARN_SUSPICIOUS_MOVE = YES;
				CLANG_WARN_SUSPICIOUS_MOVES = YES;
				CLANG_WARN_UNREACHABLE_CODE = YES;
				CLANG_WARN__DUPLICATE_METHOD_MATCH = YES;
				"CODE_SIGN_IDENTITY[sdk=iphoneos*]" = "iPhone Developer";
				COPY_PHASE_STRIP = NO;
				DEBUG_INFORMATION_FORMAT = dwarf;
				ENABLE_STRICT_OBJC_MSGSEND = YES;
				ENABLE_TESTABILITY = YES;
				GCC_C_LANGUAGE_STANDARD = gnu99;
				GCC_DYNAMIC_NO_PIC = NO;
				GCC_NO_COMMON_BLOCKS = YES;
				GCC_OPTIMIZATION_LEVEL = 0;
				GCC_PREPROCESSOR_DEFINITIONS = (
					"DEBUG=1",
					"$(inherited)",
				);
				GCC_WARN_64_TO_32_BIT_CONVERSION = YES;
				GCC_WARN_ABOUT_RETURN_TYPE = YES_ERROR;
				GCC_WARN_UNDECLARED_SELECTOR = YES;
				GCC_WARN_UNINITIALIZED_AUTOS = YES_AGGRESSIVE;
				GCC_WARN_UNUSED_FUNCTION = YES;
				GCC_WARN_UNUSED_VARIABLE = YES;
				IPHONEOS_DEPLOYMENT_TARGET = 10.1;
				MTL_ENABLE_DEBUG_INFO = YES;
				ONLY_ACTIVE_ARCH = YES;
				SDKROOT = iphoneos;
				SWIFT_ACTIVE_COMPILATION_CONDITIONS = DEBUG;
				SWIFT_OPTIMIZATION_LEVEL = "-Onone";
			};
			name = Debug;
		};
		2E7E1F8C1E3C7EF8009F928F /* Release */ = {
			isa = XCBuildConfiguration;
			buildSettings = {
				ALWAYS_SEARCH_USER_PATHS = NO;
				CLANG_ANALYZER_LOCALIZABILITY_NONLOCALIZED = YES;
				CLANG_ANALYZER_NONNULL = YES;
				CLANG_CXX_LANGUAGE_STANDARD = "gnu++0x";
				CLANG_CXX_LIBRARY = "libc++";
				CLANG_ENABLE_MODULES = YES;
				CLANG_ENABLE_OBJC_ARC = YES;
				CLANG_WARN_BOOL_CONVERSION = YES;
				CLANG_WARN_CONSTANT_CONVERSION = YES;
				CLANG_WARN_DIRECT_OBJC_ISA_USAGE = YES_ERROR;
				CLANG_WARN_DOCUMENTATION_COMMENTS = YES;
				CLANG_WARN_EMPTY_BODY = YES;
				CLANG_WARN_ENUM_CONVERSION = YES;
				CLANG_WARN_INFINITE_RECURSION = YES;
				CLANG_WARN_INT_CONVERSION = YES;
				CLANG_WARN_OBJC_ROOT_CLASS = YES_ERROR;
				CLANG_WARN_SUSPICIOUS_MOVE = YES;
				CLANG_WARN_SUSPICIOUS_MOVES = YES;
				CLANG_WARN_UNREACHABLE_CODE = YES;
				CLANG_WARN__DUPLICATE_METHOD_MATCH = YES;
				"CODE_SIGN_IDENTITY[sdk=iphoneos*]" = "iPhone Developer";
				COPY_PHASE_STRIP = NO;
				DEBUG_INFORMATION_FORMAT = "dwarf-with-dsym";
				ENABLE_NS_ASSERTIONS = NO;
				ENABLE_STRICT_OBJC_MSGSEND = YES;
				GCC_C_LANGUAGE_STANDARD = gnu99;
				GCC_NO_COMMON_BLOCKS = YES;
				GCC_WARN_64_TO_32_BIT_CONVERSION = YES;
				GCC_WARN_ABOUT_RETURN_TYPE = YES_ERROR;
				GCC_WARN_UNDECLARED_SELECTOR = YES;
				GCC_WARN_UNINITIALIZED_AUTOS = YES_AGGRESSIVE;
				GCC_WARN_UNUSED_FUNCTION = YES;
				GCC_WARN_UNUSED_VARIABLE = YES;
				IPHONEOS_DEPLOYMENT_TARGET = 10.1;
				MTL_ENABLE_DEBUG_INFO = NO;
				SDKROOT = iphoneos;
				SWIFT_OPTIMIZATION_LEVEL = "-Owholemodule";
				VALIDATE_PRODUCT = YES;
			};
			name = Release;
		};
		2E7E1F8E1E3C7EF8009F928F /* Debug */ = {
			isa = XCBuildConfiguration;
			buildSettings = {
				ASSETCATALOG_COMPILER_APPICON_NAME = AppIcon;
				DEVELOPMENT_TEAM = B3EP3N28T5;
				FRAMEWORK_SEARCH_PATHS = (
					"$(inherited)",
					"$(PROJECT_DIR)/Carthage/Build/iOS",
				);
				INFOPLIST_FILE = HelPal/Info.plist;
				LD_RUNPATH_SEARCH_PATHS = "$(inherited) @executable_path/Frameworks";
				PRODUCT_BUNDLE_IDENTIFIER = cn.RUCInfo.HelPal;
				PRODUCT_NAME = "$(TARGET_NAME)";
				SWIFT_VERSION = 3.0;
			};
			name = Debug;
		};
		2E7E1F8F1E3C7EF8009F928F /* Release */ = {
			isa = XCBuildConfiguration;
			buildSettings = {
				ASSETCATALOG_COMPILER_APPICON_NAME = AppIcon;
				DEVELOPMENT_TEAM = B3EP3N28T5;
				FRAMEWORK_SEARCH_PATHS = (
					"$(inherited)",
					"$(PROJECT_DIR)/Carthage/Build/iOS",
				);
				INFOPLIST_FILE = HelPal/Info.plist;
				LD_RUNPATH_SEARCH_PATHS = "$(inherited) @executable_path/Frameworks";
				PRODUCT_BUNDLE_IDENTIFIER = cn.RUCInfo.HelPal;
				PRODUCT_NAME = "$(TARGET_NAME)";
				SWIFT_VERSION = 3.0;
			};
			name = Release;
		};
/* End XCBuildConfiguration section */

/* Begin XCConfigurationList section */
		2E7E1F601E3C7EF7009F928F /* Build configuration list for PBXProject "HelPal" */ = {
			isa = XCConfigurationList;
			buildConfigurations = (
				2E7E1F8B1E3C7EF8009F928F /* Debug */,
				2E7E1F8C1E3C7EF8009F928F /* Release */,
			);
			defaultConfigurationIsVisible = 0;
			defaultConfigurationName = Release;
		};
		2E7E1F8D1E3C7EF8009F928F /* Build configuration list for PBXNativeTarget "HelPal" */ = {
			isa = XCConfigurationList;
			buildConfigurations = (
				2E7E1F8E1E3C7EF8009F928F /* Debug */,
				2E7E1F8F1E3C7EF8009F928F /* Release */,
			);
			defaultConfigurationIsVisible = 0;
			defaultConfigurationName = Release;
		};
/* End XCConfigurationList section */
	};
	rootObject = 2E7E1F5D1E3C7EF7009F928F /* Project object */;
}
